{
  "name": "06-proyectos",
  "version": "1.0.0",
  "lockfileVersion": 1,
  "requires": true,
  "dependencies": {
    "libreria-cssu": {
      "version": "1.2.1",
      "resolved": "https://registry.npmjs.org/libreria-cssu/-/libreria-cssu-1.2.1.tgz",
      "integrity": "sha512-tAUQ8Pfapuz7togktL+oFQa0+ANElVmGL/N/ncNDMzw02I2Pq+dYazztobesZFTVh6FPChD7c/D3d7lbq4ao3w=="
    }
  }
}
